
Microsoft Visual Studio Solution File, Format Version 12.00
# Visual Studio Version 17
VisualStudioVersion = 17.11.35222.181
MinimumVisualStudioVersion = 10.0.40219.1
Project("{9A19103F-16F7-4668-BE54-9A1E7A4F7556}") = "Delete Newline", "Delete Newline\Delete Newline.csproj", "{0AA8983C-5168-4367-99AD-7D15110BDCE3}"
EndProject
Project("{FAE04EC0-301F-11D3-BF4B-00C04F79EFBC}") = "Delete Newline.Core", "Delete Newline.Core\Delete Newline.Core.csproj", "{E7AAF080-482B-4859-9334-933BA74BA267}"
EndProject
Global
	GlobalSection(SolutionConfigurationPlatforms) = preSolution
		Debug|Any CPU = Debug|Any CPU
		Debug|ARM64 = Debug|ARM64
		Debug|x64 = Debug|x64
		Debug|x86 = Debug|x86
		Release|Any CPU = Release|Any CPU
		Release|ARM64 = Release|ARM64
		Release|x64 = Release|x64
		Release|x86 = Release|x86
	EndGlobalSection
	GlobalSection(ProjectConfigurationPlatforms) = postSolution
		{0AA8983C-5168-4367-99AD-7D15110BDCE3}.Debug|Any CPU.ActiveCfg = Debug|x64
		{0AA8983C-5168-4367-99AD-7D15110BDCE3}.Debug|Any CPU.Build.0 = Debug|x64
		{0AA8983C-5168-4367-99AD-7D15110BDCE3}.Debug|Any CPU.Deploy.0 = Debug|x64
		{0AA8983C-5168-4367-99AD-7D15110BDCE3}.Debug|ARM64.ActiveCfg = Debug|ARM64
		{0AA8983C-5168-4367-99AD-7D15110BDCE3}.Debug|ARM64.Build.0 = Debug|ARM64
		{0AA8983C-5168-4367-99AD-7D15110BDCE3}.Debug|ARM64.Deploy.0 = Debug|ARM64
		{0AA8983C-5168-4367-99AD-7D15110BDCE3}.Debug|x64.ActiveCfg = Debug|x64
		{0AA8983C-5168-4367-99AD-7D15110BDCE3}.Debug|x64.Build.0 = Debug|x64
		{0AA8983C-5168-4367-99AD-7D15110BDCE3}.Debug|x64.Deploy.0 = Debug|x64
		{0AA8983C-5168-4367-99AD-7D15110BDCE3}.Debug|x86.ActiveCfg = Debug|x86
		{0AA8983C-5168-4367-99AD-7D15110BDCE3}.Debug|x86.Build.0 = Debug|x86
		{0AA8983C-5168-4367-99AD-7D15110BDCE3}.Debug|x86.Deploy.0 = Debug|x86
		{0AA8983C-5168-4367-99AD-7D15110BDCE3}.Release|Any CPU.ActiveCfg = Release|x64
		{0AA8983C-5168-4367-99AD-7D15110BDCE3}.Release|Any CPU.Build.0 = Release|x64
		{0AA8983C-5168-4367-99AD-7D15110BDCE3}.Release|Any CPU.Deploy.0 = Release|x64
		{0AA8983C-5168-4367-99AD-7D15110BDCE3}.Release|ARM64.ActiveCfg = Release|ARM64
		{0AA8983C-5168-4367-99AD-7D15110BDCE3}.Release|ARM64.Build.0 = Release|ARM64
		{0AA8983C-5168-4367-99AD-7D15110BDCE3}.Release|ARM64.Deploy.0 = Release|ARM64
		{0AA8983C-5168-4367-99AD-7D15110BDCE3}.Release|x64.ActiveCfg = Release|x64
		{0AA8983C-5168-4367-99AD-7D15110BDCE3}.Release|x64.Build.0 = Release|x64
		{0AA8983C-5168-4367-99AD-7D15110BDCE3}.Release|x64.Deploy.0 = Release|x64
		{0AA8983C-5168-4367-99AD-7D15110BDCE3}.Release|x86.ActiveCfg = Release|x86
		{0AA8983C-5168-4367-99AD-7D15110BDCE3}.Release|x86.Build.0 = Release|x86
		{0AA8983C-5168-4367-99AD-7D15110BDCE3}.Release|x86.Deploy.0 = Release|x86
		{E7AAF080-482B-4859-9334-933BA74BA267}.Debug|Any CPU.ActiveCfg = Debug|Any CPU
		{E7AAF080-482B-4859-9334-933BA74BA267}.Debug|Any CPU.Build.0 = Debug|Any CPU
		{E7AAF080-482B-4859-9334-933BA74BA267}.Debug|ARM64.ActiveCfg = Debug|Any CPU
		{E7AAF080-482B-4859-9334-933BA74BA267}.Debug|ARM64.Build.0 = Debug|Any CPU
		{E7AAF080-482B-4859-9334-933BA74BA267}.Debug|x64.ActiveCfg = Debug|Any CPU
		{E7AAF080-482B-4859-9334-933BA74BA267}.Debug|x64.Build.0 = Debug|Any CPU
		{E7AAF080-482B-4859-9334-933BA74BA267}.Debug|x86.ActiveCfg = Debug|Any CPU
		{E7AAF080-482B-4859-9334-933BA74BA267}.Debug|x86.Build.0 = Debug|Any CPU
		{E7AAF080-482B-4859-9334-933BA74BA267}.Release|Any CPU.ActiveCfg = Release|Any CPU
		{E7AAF080-482B-4859-9334-933BA74BA267}.Release|Any CPU.Build.0 = Release|Any CPU
		{E7AAF080-482B-4859-9334-933BA74BA267}.Release|ARM64.ActiveCfg = Release|Any CPU
		{E7AAF080-482B-4859-9334-933BA74BA267}.Release|ARM64.Build.0 = Release|Any CPU
		{E7AAF080-482B-4859-9334-933BA74BA267}.Release|x64.ActiveCfg = Release|Any CPU
		{E7AAF080-482B-4859-9334-933BA74BA267}.Release|x64.Build.0 = Release|Any CPU
		{E7AAF080-482B-4859-9334-933BA74BA267}.Release|x86.ActiveCfg = Release|Any CPU
		{E7AAF080-482B-4859-9334-933BA74BA267}.Release|x86.Build.0 = Release|Any CPU
	EndGlobalSection
	GlobalSection(SolutionProperties) = preSolution
		HideSolutionNode = FALSE
	EndGlobalSection
	GlobalSection(ExtensibilityGlobals) = postSolution
		SolutionGuid = {C8B783BE-D313-462C-BBC7-002A0272A2B4}
	EndGlobalSection
EndGlobal
